# This file is automatically @generated by Cargo.
# It is not intended for manual editing.
version = 4

[[package]]
name = "fptricks"
version = "0.1.0"
source = "git+https://github.com/RunnerScrab/fptricks.git#4403220cd7d306549ef9066f074d90e9da0131d7"

[[package]]
name = "wyrand"
version = "0.1.0"
dependencies = [
 "fptricks",
]
