# This file is automatically @generated by Cargo.
# It is not intended for manual editing.
version = 4

[[package]]
name = "fptricks"
version = "0.1.0"
source = "git+https://github.com/RunnerScrab/fptricks.git#9c3283a9783dff66851b632906591c9338ff9071"
dependencies = [
 "log",
]

[[package]]
name = "log"
version = "0.4.29"
source = "registry+https://github.com/rust-lang/crates.io-index"
checksum = "5e5032e24019045c762d3c0f28f5b6b8bbf38563a65908389bf7978758920897"

[[package]]
name = "wyrand"
version = "0.1.0"
dependencies = [
 "fptricks",
]
